{
  "name": "com.swiid",
  "version": "1.0.1",
  "lockfileVersion": 1,
  "requires": true,
  "dependencies": {
    "almost-equal": {
      "version": "1.1.0",
      "resolved": "https://vimond.jfrog.io/vimond/api/npm/npm-virtual/almost-equal/-/almost-equal-1.1.0.tgz",
      "integrity": "sha1-+FHGMROHV5lCdqou++jfowZszN0="
    },
    "color-space": {
      "version": "1.16.0",
      "resolved": "https://vimond.jfrog.io/vimond/api/npm/npm-virtual/color-space/-/color-space-1.16.0.tgz",
      "integrity": "sha1-YReBvKQc2FgqFGb9niin09iXcqI=",
      "requires": {
        "hsluv": "^0.0.3",
        "mumath": "^3.3.4"
      }
    },
    "homey-meshdriver": {
      "version": "1.2.28",
      "resolved": "https://vimond.jfrog.io/vimond/api/npm/npm-virtual/homey-meshdriver/-/homey-meshdriver-1.2.28.tgz",
      "integrity": "sha1-Rv7RKmo24SFf2ET6my434sZ+aAs=",
      "requires": {
        "color-space": "^1.14.7"
      }
    },
    "hsluv": {
      "version": "0.0.3",
      "resolved": "https://vimond.jfrog.io/vimond/api/npm/npm-virtual/hsluv/-/hsluv-0.0.3.tgz",
      "integrity": "sha1-gpEH2vtKn4tSoYCe0C4JHq3mdUw="
    },
    "mumath": {
      "version": "3.3.4",
      "resolved": "https://vimond.jfrog.io/vimond/api/npm/npm-virtual/mumath/-/mumath-3.3.4.tgz",
      "integrity": "sha1-SNSg8P2MrU57Mglu6JsWGmPTC78=",
      "requires": {
        "almost-equal": "^1.1.0"
      }
    }
  }
}
